
Microsoft Visual Studio Solution File, Format Version 12.00
# Visual Studio Version 17
VisualStudioVersion = 17.4.33110.190
MinimumVisualStudioVersion = 10.0.40219.1
Project("{FAE04EC0-301F-11D3-BF4B-00C04F79EFBC}") = "PhamChanhTuan_2122110283", "PhamChanhTuan_2122110283\PhamChanhTuan_2122110283.csproj", "{20271EEC-ADBE-4EC6-BB69-D559FE5FB14A}"
EndProject
Global
	GlobalSection(SolutionConfigurationPlatforms) = preSolution
		Debug|Any CPU = Debug|Any CPU
		Release|Any CPU = Release|Any CPU
	EndGlobalSection
	GlobalSection(ProjectConfigurationPlatforms) = postSolution
		{20271EEC-ADBE-4EC6-BB69-D559FE5FB14A}.Debug|Any CPU.ActiveCfg = Debug|Any CPU
		{20271EEC-ADBE-4EC6-BB69-D559FE5FB14A}.Debug|Any CPU.Build.0 = Debug|Any CPU
		{20271EEC-ADBE-4EC6-BB69-D559FE5FB14A}.Release|Any CPU.ActiveCfg = Release|Any CPU
		{20271EEC-ADBE-4EC6-BB69-D559FE5FB14A}.Release|Any CPU.Build.0 = Release|Any CPU
	EndGlobalSection
	GlobalSection(SolutionProperties) = preSolution
		HideSolutionNode = FALSE
	EndGlobalSection
	GlobalSection(ExtensibilityGlobals) = postSolution
		SolutionGuid = {131AEFD5-422A-44EA-BA06-09EC948966F8}
	EndGlobalSection
EndGlobal
